{
  "lib/aave-v4": {
    "tag": {
      "name": "v0.5.11",
      "rev": "cdacec509e4f848bff1a5556f503afa83eee3b79"
    }
  },
  "lib/forge-std": {
    "tag": {
      "name": "v1.16.2",
      "rev": "bf647bd6046f2f7da30d0c2bf435e5c76a780c1b"
    }
  },
  "lib/openzeppelin-contracts": {
    "tag": {
      "name": "v5.6.1",
      "rev": "5fd1781b1454fd1ef8e722282f86f9293cacf256"
    }
  },
  "lib/protocol": {
    "tag": {
      "name": "v3.2.0",
      "rev": "87c358fa52bea91017fc3a848bc07db815eed91c"
    }
  }
}